// !$*UTF8*$!
{
	archiveVersion = 1;
	classes = {
	};
	objectVersion = 50;
	objects = {

/* Begin PBXBuildFile section */
		040E571324D9448B0027006D /* AppDelegate.m in Sources */ = {isa = PBXBuildFile; fileRef = 040E571224D9448B0027006D /* AppDelegate.m */; };
		040E571624D9448B0027006D /* SceneDelegate.m in Sources */ = {isa = PBXBuildFile; fileRef = 040E571524D9448B0027006D /* SceneDelegate.m */; };
		040E571924D9448B0027006D /* ViewController.m in Sources */ = {isa = PBXBuildFile; fileRef = 040E571824D9448B0027006D /* ViewController.m */; };
		040E571C24D9448B0027006D /* Main.storyboard in Resources */ = {isa = PBXBuildFile; fileRef = 040E571A24D9448B0027006D /* Main.storyboard */; };
		040E571E24D944940027006D /* Assets.xcassets in Resources */ = {isa = PBXBuildFile; fileRef = 040E571D24D944940027006D /* Assets.xcassets */; };
		040E572124D944940027006D /* LaunchScreen.storyboard in Resources */ = {isa = PBXBuildFile; fileRef = 040E571F24D944940027006D /* LaunchScreen.storyboard */; };
		040E572424D944940027006D /* main.m in Sources */ = {isa = PBXBuildFile; fileRef = 040E572324D944940027006D /* main.m */; };
		040E572E24D944940027006D /* TestDemoTests.m in Sources */ = {isa = PBXBuildFile; fileRef = 040E572D24D944940027006D /* TestDemoTests.m */; };
		040E573924D944940027006D /* TestDemoUITests.m in Sources */ = {isa = PBXBuildFile; fileRef = 040E573824D944940027006D /* TestDemoUITests.m */; };
/* End PBXBuildFile section */

/* Begin PBXContainerItemProxy section */
		040E572A24D944940027006D /* PBXContainerItemProxy */ = {
			isa = PBXContainerItemProxy;
			containerPortal = 040E570624D9448A0027006D /* Project object */;
			proxyType = 1;
			remoteGlobalIDString = 040E570D24D9448B0027006D;
			remoteInfo = TestDemo;
		};
		040E573524D944940027006D /* PBXContainerItemProxy */ = {
			isa = PBXContainerItemProxy;
			containerPortal = 040E570624D9448A0027006D /* Project object */;
			proxyType = 1;
			remoteGlobalIDString = 040E570D24D9448B0027006D;
			remoteInfo = TestDemo;
		};
/* End PBXContainerItemProxy section */

/* Begin PBXFileReference section */
		040E570E24D9448B0027006D /* TestDemo.app */ = {isa = PBXFileReference; explicitFileType = wrapper.application; includeInIndex = 0; path = TestDemo.app; sourceTree = BUILT_PRODUCTS_DIR; };
		040E571124D9448B0027006D /* AppDelegate.h */ = {isa = PBXFileReference; lastKnownFileType = sourcecode.c.h; path = AppDelegate.h; sourceTree = "<group>"; };
		040E571224D9448B0027006D /* AppDelegate.m */ = {isa = PBXFileReference; lastKnownFileType = sourcecode.c.objc; path = AppDelegate.m; sourceTree = "<group>"; };
		040E571424D9448B0027006D /* SceneDelegate.h */ = {isa = PBXFileReference; lastKnownFileType = sourcecode.c.h; path = SceneDelegate.h; sourceTree = "<group>"; };
		040E571524D9448B0027006D /* SceneDelegate.m */ = {isa = PBXFileReference; lastKnownFileType = sourcecode.c.objc; path = SceneDelegate.m; sourceTree = "<group>"; };
		040E571724D9448B0027006D /* ViewController.h */ = {isa = PBXFileReference; lastKnownFileType = sourcecode.c.h; path = ViewController.h; sourceTree = "<group>"; };
		040E571824D9448B0027006D /* ViewController.m */ = {isa = PBXFileReference; lastKnownFileType = sourcecode.c.objc; path = ViewController.m; sourceTree = "<group>"; };
		040E571B24D9448B0027006D /* Base */ = {isa = PBXFileReference; lastKnownFileType = file.storyboard; name = Base; path = Base.lproj/Main.storyboard; sourceTree = "<group>"; };
		040E571D24D944940027006D /* Assets.xcassets */ = {isa = PBXFileReference; lastKnownFileType = folder.assetcatalog; path = Assets.xcassets; sourceTree = "<group>"; };
		040E572024D944940027006D /* Base */ = {isa = PBXFileReference; lastKnownFileType = file.storyboard; name = Base; path = Base.lproj/LaunchScreen.storyboard; sourceTree = "<group>"; };
		040E572224D944940027006D /* Info.plist */ = {isa = PBXFileReference; lastKnownFileType = text.plist.xml; path = Info.plist; sourceTree = "<group>"; };
		040E572324D944940027006D /* main.m */ = {isa = PBXFileReference; lastKnownFileType = sourcecode.c.objc; path = main.m; sourceTree = "<group>"; };
		040E572924D944940027006D /* TestDemoTests.xctest */ = {isa = PBXFileReference; explicitFileType = wrapper.cfbundle; includeInIndex = 0; path = TestDemoTests.xctest; sourceTree = BUILT_PRODUCTS_DIR; };
		040E572D24D944940027006D /* TestDemoTests.m */ = {isa = PBXFileReference; lastKnownFileType = sourcecode.c.objc; path = TestDemoTests.m; sourceTree = "<group>"; };
		040E572F24D944940027006D /* Info.plist */ = {isa = PBXFileReference; lastKnownFileType = text.plist.xml; path = Info.plist; sourceTree = "<group>"; };
		040E573424D944940027006D /* TestDemoUITests.xctest */ = {isa = PBXFileReference; explicitFileType = wrapper.cfbundle; includeInIndex = 0; path = TestDemoUITests.xctest; sourceTree = BUILT_PRODUCTS_DIR; };
		040E573824D944940027006D /* TestDemoUITests.m */ = {isa = PBXFileReference; lastKnownFileType = sourcecode.c.objc; path = TestDemoUITests.m; sourceTree = "<group>"; };
		040E573A24D944940027006D /* Info.plist */ = {isa = PBXFileReference; lastKnownFileType = text.plist.xml; path = Info.plist; sourceTree = "<group>"; };
/* End PBXFileReference section */

/* Begin PBXFrameworksBuildPhase section */
		040E570B24D9448B0027006D /* Frameworks */ = {
			isa = PBXFrameworksBuildPhase;
			buildActionMask = 2147483647;
			files = (
			);
			runOnlyForDeploymentPostprocessing = 0;
		};
		040E572624D944940027006D /* Frameworks */ = {
			isa = PBXFrameworksBuildPhase;
			buildActionMask = 2147483647;
			files = (
			);
			runOnlyForDeploymentPostprocessing = 0;
		};
		040E573124D944940027006D /* Frameworks */ = {
			isa = PBXFrameworksBuildPhase;
			buildActionMask = 2147483647;
			files = (
			);
			runOnlyForDeploymentPostprocessing = 0;
		};
/* End PBXFrameworksBuildPhase section */

/* Begin PBXGroup section */
		040E570524D9448A0027006D = {
			isa = PBXGroup;
			children = (
				040E571024D9448B0027006D /* TestDemo */,
				040E572C24D944940027006D /* TestDemoTests */,
				040E573724D944940027006D /* TestDemoUITests */,
				040E570F24D9448B0027006D /* Products */,
			);
			sourceTree = "<group>";
		};
		040E570F24D9448B0027006D /* Products */ = {
			isa = PBXGroup;
			children = (
				040E570E24D9448B0027006D /* TestDemo.app */,
				040E572924D944940027006D /* TestDemoTests.xctest */,
				040E573424D944940027006D /* TestDemoUITests.xctest */,
			);
			name = Products;
			sourceTree = "<group>";
		};
		040E571024D9448B0027006D /* TestDemo */ = {
			isa = PBXGroup;
			children = (
				040E571124D9448B0027006D /* AppDelegate.h */,
				040E571224D9448B0027006D /* AppDelegate.m */,
				040E571424D9448B0027006D /* SceneDelegate.h */,
				040E571524D9448B0027006D /* SceneDelegate.m */,
				040E571724D9448B0027006D /* ViewController.h */,
				040E571824D9448B0027006D /* ViewController.m */,
				040E571A24D9448B0027006D /* Main.storyboard */,
				040E571D24D944940027006D /* Assets.xcassets */,
				040E571F24D944940027006D /* LaunchScreen.storyboard */,
				040E572224D944940027006D /* Info.plist */,
				040E572324D944940027006D /* main.m */,
			);
			path = TestDemo;
			sourceTree = "<group>";
		};
		040E572C24D944940027006D /* TestDemoTests */ = {
			isa = PBXGroup;
			children = (
				040E572D24D944940027006D /* TestDemoTests.m */,
				040E572F24D944940027006D /* Info.plist */,
			);
			path = TestDemoTests;
			sourceTree = "<group>";
		};
		040E573724D944940027006D /* TestDemoUITests */ = {
			isa = PBXGroup;
			children = (
				040E573824D944940027006D /* TestDemoUITests.m */,
				040E573A24D944940027006D /* Info.plist */,
			);
			path = TestDemoUITests;
			sourceTree = "<group>";
		};
/* End PBXGroup section */

/* Begin PBXNativeTarget section */
		040E570D24D9448B0027006D /* TestDemo */ = {
			isa = PBXNativeTarget;
			buildConfigurationList = 040E573D24D944940027006D /* Build configuration list for PBXNativeTarget "TestDemo" */;
			buildPhases = (
				040E570A24D9448B0027006D /* Sources */,
				040E570B24D9448B0027006D /* Frameworks */,
				040E570C24D9448B0027006D /* Resources */,
			);
			buildRules = (
			);
			dependencies = (
			);
			name = TestDemo;
			productName = TestDemo;
			productReference = 040E570E24D9448B0027006D /* TestDemo.app */;
			productType = "com.apple.product-type.application";
		};
		040E572824D944940027006D /* TestDemoTests */ = {
			isa = PBXNativeTarget;
			buildConfigurationList = 040E574024D944940027006D /* Build configuration list for PBXNativeTarget "TestDemoTests" */;
			buildPhases = (
				040E572524D944940027006D /* Sources */,
				040E572624D944940027006D /* Frameworks */,
				040E572724D944940027006D /* Resources */,
			);
			buildRules = (
			);
			dependencies = (
				040E572B24D944940027006D /* PBXTargetDependency */,
			);
			name = TestDemoTests;
			productName = TestDemoTests;
			productReference = 040E572924D944940027006D /* TestDemoTests.xctest */;
			productType = "com.apple.product-type.bundle.unit-test";
		};
		040E573324D944940027006D /* TestDemoUITests */ = {
			isa = PBXNativeTarget;
			buildConfigurationList = 040E574324D944940027006D /* Build configuration list for PBXNativeTarget "TestDemoUITests" */;
			buildPhases = (
				040E573024D944940027006D /* Sources */,
				040E573124D944940027006D /* Frameworks */,
				040E573224D944940027006D /* Resources */,
			);
			buildRules = (
			);
			dependencies = (
				040E573624D944940027006D /* PBXTargetDependency */,
			);
			name = TestDemoUITests;
			productName = TestDemoUITests;
			productReference = 040E573424D944940027006D /* TestDemoUITests.xctest */;
			productType = "com.apple.product-type.bundle.ui-testing";
		};
/* End PBXNativeTarget section */

/* Begin PBXProject section */
		040E570624D9448A0027006D /* Project object */ = {
			isa = PBXProject;
			attributes = {
				LastUpgradeCheck = 1160;
				ORGANIZATIONNAME = zhangkai;
				TargetAttributes = {
					040E570D24D9448B0027006D = {
						CreatedOnToolsVersion = 11.6;
					};
					040E572824D944940027006D = {
						CreatedOnToolsVersion = 11.6;
						TestTargetID = 040E570D24D9448B0027006D;
					};
					040E573324D944940027006D = {
						CreatedOnToolsVersion = 11.6;
						TestTargetID = 040E570D24D9448B0027006D;
					};
				};
			};
			buildConfigurationList = 040E570924D9448A0027006D /* Build configuration list for PBXProject "TestDemo" */;
			compatibilityVersion = "Xcode 9.3";
			developmentRegion = en;
			hasScannedForEncodings = 0;
			knownRegions = (
				en,
				Base,
			);
			mainGroup = 040E570524D9448A0027006D;
			productRefGroup = 040E570F24D9448B0027006D /* Products */;
			projectDirPath = "";
			projectRoot = "";
			targets = (
				040E570D24D9448B0027006D /* TestDemo */,
				040E572824D944940027006D /* TestDemoTests */,
				040E573324D944940027006D /* TestDemoUITests */,
			);
		};
/* End PBXProject section */

/* Begin PBXResourcesBuildPhase section */
		040E570C24D9448B0027006D /* Resources */ = {
			isa = PBXResourcesBuildPhase;
			buildActionMask = 2147483647;
			files = (
				040E572124D944940027006D /* LaunchScreen.storyboard in Resources */,
				040E571E24D944940027006D /* Assets.xcassets in Resources */,
				040E571C24D9448B0027006D /* Main.storyboard in Resources */,
			);
			runOnlyForDeploymentPostprocessing = 0;
		};
		040E572724D944940027006D /* Resources */ = {
			isa = PBXResourcesBuildPhase;
			buildActionMask = 2147483647;
			files = (
			);
			runOnlyForDeploymentPostprocessing = 0;
		};
		040E573224D944940027006D /* Resources */ = {
			isa = PBXResourcesBuildPhase;
			buildActionMask = 2147483647;
			files = (
			);
			runOnlyForDeploymentPostprocessing = 0;
		};
/* End PBXResourcesBuildPhase section */

/* Begin PBXSourcesBuildPhase section */
		040E570A24D9448B0027006D /* Sources */ = {
			isa = PBXSourcesBuildPhase;
			buildActionMask = 2147483647;
			files = (
				040E571924D9448B0027006D /* ViewController.m in Sources */,
				040E571324D9448B0027006D /* AppDelegate.m in Sources */,
				040E572424D944940027006D /* main.m in Sources */,
				040E571624D9448B0027006D /* SceneDelegate.m in Sources */,
			);
			runOnlyForDeploymentPostprocessing = 0;
		};
		040E572524D944940027006D /* Sources */ = {
			isa = PBXSourcesBuildPhase;
			buildActionMask = 2147483647;
			files = (
				040E572E24D944940027006D /* TestDemoTests.m in Sources */,
			);
			runOnlyForDeploymentPostprocessing = 0;
		};
		040E573024D944940027006D /* Sources */ = {
			isa = PBXSourcesBuildPhase;
			buildActionMask = 2147483647;
			files = (
				040E573924D944940027006D /* TestDemoUITests.m in Sources */,
			);
			runOnlyForDeploymentPostprocessing = 0;
		};
/* End PBXSourcesBuildPhase section */

/* Begin PBXTargetDependency section */
		040E572B24D944940027006D /* PBXTargetDependency */ = {
			isa = PBXTargetDependency;
			target = 040E570D24D9448B0027006D /* TestDemo */;
			targetProxy = 040E572A24D944940027006D /* PBXContainerItemProxy */;
		};
		040E573624D944940027006D /* PBXTargetDependency */ = {
			isa = PBXTargetDependency;
			target = 040E570D24D9448B0027006D /* TestDemo */;
			targetProxy = 040E573524D944940027006D /* PBXContainerItemProxy */;
		};
/* End PBXTargetDependency section */

/* Begin PBXVariantGroup section */
		040E571A24D9448B0027006D /* Main.storyboard */ = {
			isa = PBXVariantGroup;
			children = (
				040E571B24D9448B0027006D /* Base */,
			);
			name = Main.storyboard;
			sourceTree = "<group>";
		};
		040E571F24D944940027006D /* LaunchScreen.storyboard */ = {
			isa = PBXVariantGroup;
			children = (
				040E572024D944940027006D /* Base */,
			);
			name = LaunchScreen.storyboard;
			sourceTree = "<group>";
		};
/* End PBXVariantGroup section */

/* Begin XCBuildConfiguration section */
		040E573B24D944940027006D /* Debug */ = {
			isa = XCBuildConfiguration;
			buildSettings = {
				ALWAYS_SEARCH_USER_PATHS = NO;
				CLANG_ANALYZER_NONNULL = YES;
				CLANG_ANALYZER_NUMBER_OBJECT_CONVERSION = YES_AGGRESSIVE;
				CLANG_CXX_LANGUAGE_STANDARD = "gnu++14";
				CLANG_CXX_LIBRARY = "libc++";
				CLANG_ENABLE_MODULES = YES;
				CLANG_ENABLE_OBJC_ARC = YES;
				CLANG_ENABLE_OBJC_WEAK = YES;
				CLANG_WARN_BLOCK_CAPTURE_AUTORELEASING = YES;
				CLANG_WARN_BOOL_CONVERSION = YES;
				CLANG_WARN_COMMA = YES;
				CLANG_WARN_CONSTANT_CONVERSION = YES;
				CLANG_WARN_DEPRECATED_OBJC_IMPLEMENTATIONS = YES;
				CLANG_WARN_DIRECT_OBJC_ISA_USAGE = YES_ERROR;
				CLANG_WARN_DOCUMENTATION_COMMENTS = YES;
				CLANG_WARN_EMPTY_BODY = YES;
				CLANG_WARN_ENUM_CONVERSION = YES;
				CLANG_WARN_INFINITE_RECURSION = YES;
				CLANG_WARN_INT_CONVERSION = YES;
				CLANG_WARN_NON_LITERAL_NULL_CONVERSION = YES;
				CLANG_WARN_OBJC_IMPLICIT_RETAIN_SELF = YES;
				CLANG_WARN_OBJC_LITERAL_CONVERSION = YES;
				CLANG_WARN_OBJC_ROOT_CLASS = YES_ERROR;
				CLANG_WARN_RANGE_LOOP_ANALYSIS = YES;
				CLANG_WARN_STRICT_PROTOTYPES = YES;
				CLANG_WARN_SUSPICIOUS_MOVE = YES;
				CLANG_WARN_UNGUARDED_AVAILABILITY = YES_AGGRESSIVE;
				CLANG_WARN_UNREACHABLE_CODE = YES;
				CLANG_WARN__DUPLICATE_METHOD_MATCH = YES;
				COPY_PHASE_STRIP = NO;
				DEBUG_INFORMATION_FORMAT = dwarf;
				ENABLE_STRICT_OBJC_MSGSEND = YES;
				ENABLE_TESTABILITY = YES;
				GCC_C_LANGUAGE_STANDARD = gnu11;
				GCC_DYNAMIC_NO_PIC = NO;
				GCC_NO_COMMON_BLOCKS = YES;
				GCC_OPTIMIZATION_LEVEL = 0;
				GCC_PREPROCESSOR_DEFINITIONS = (
					"DEBUG=1",
					"$(inherited)",
				);
				GCC_WARN_64_TO_32_BIT_CONVERSION = YES;
				GCC_WARN_ABOUT_RETURN_TYPE = YES_ERROR;
				GCC_WARN_UNDECLARED_SELECTOR = YES;
				GCC_WARN_UNINITIALIZED_AUTOS = YES_AGGRESSIVE;
				GCC_WARN_UNUSED_FUNCTION = YES;
				GCC_WARN_UNUSED_VARIABLE = YES;
				IPHONEOS_DEPLOYMENT_TARGET = 13.6;
				MTL_ENABLE_DEBUG_INFO = INCLUDE_SOURCE;
				MTL_FAST_MATH = YES;
				ONLY_ACTIVE_ARCH = YES;
				SDKROOT = iphoneos;
			};
			name = Debug;
		};
		040E573C24D944940027006D /* Release */ = {
			isa = XCBuildConfiguration;
			buildSettings = {
				ALWAYS_SEARCH_USER_PATHS = NO;
				CLANG_ANALYZER_NONNULL = YES;
				CLANG_ANALYZER_NUMBER_OBJECT_CONVERSION = YES_AGGRESSIVE;
				CLANG_CXX_LANGUAGE_STANDARD = "gnu++14";
				CLANG_CXX_LIBRARY = "libc++";
				CLANG_ENABLE_MODULES = YES;
				CLANG_ENABLE_OBJC_ARC = YES;
				CLANG_ENABLE_OBJC_WEAK = YES;
				CLANG_WARN_BLOCK_CAPTURE_AUTORELEASING = YES;
				CLANG_WARN_BOOL_CONVERSION = YES;
				CLANG_WARN_COMMA = YES;
				CLANG_WARN_CONSTANT_CONVERSION = YES;
				CLANG_WARN_DEPRECATED_OBJC_IMPLEMENTATIONS = YES;
				CLANG_WARN_DIRECT_OBJC_ISA_USAGE = YES_ERROR;
				CLANG_WARN_DOCUMENTATION_COMMENTS = YES;
				CLANG_WARN_EMPTY_BODY = YES;
				CLANG_WARN_ENUM_CONVERSION = YES;
				CLANG_WARN_INFINITE_RECURSION = YES;
				CLANG_WARN_INT_CONVERSION = YES;
				CLANG_WARN_NON_LITERAL_NULL_CONVERSION = YES;
				CLANG_WARN_OBJC_IMPLICIT_RETAIN_SELF = YES;
				CLANG_WARN_OBJC_LITERAL_CONVERSION = YES;
				CLANG_WARN_OBJC_ROOT_CLASS = YES_ERROR;
				CLANG_WARN_RANGE_LOOP_ANALYSIS = YES;
				CLANG_WARN_STRICT_PROTOTYPES = YES;
				CLANG_WARN_SUSPICIOUS_MOVE = YES;
				CLANG_WARN_UNGUARDED_AVAILABILITY = YES_AGGRESSIVE;
				CLANG_WARN_UNREACHABLE_CODE = YES;
				CLANG_WARN__DUPLICATE_METHOD_MATCH = YES;
				COPY_PHASE_STRIP = NO;
				DEBUG_INFORMATION_FORMAT = "dwarf-with-dsym";
				ENABLE_NS_ASSERTIONS = NO;
				ENABLE_STRICT_OBJC_MSGSEND = YES;
				GCC_C_LANGUAGE_STANDARD = gnu11;
				GCC_NO_COMMON_BLOCKS = YES;
				GCC_WARN_64_TO_32_BIT_CONVERSION = YES;
				GCC_WARN_ABOUT_RETURN_TYPE = YES_ERROR;
				GCC_WARN_UNDECLARED_SELECTOR = YES;
				GCC_WARN_UNINITIALIZED_AUTOS = YES_AGGRESSIVE;
				GCC_WARN_UNUSED_FUNCTION = YES;
				GCC_WARN_UNUSED_VARIABLE = YES;
				IPHONEOS_DEPLOYMENT_TARGET = 13.6;
				MTL_ENABLE_DEBUG_INFO = NO;
				MTL_FAST_MATH = YES;
				SDKROOT = iphoneos;
				VALIDATE_PRODUCT = YES;
			};
			name = Release;
		};
		040E573E24D944940027006D /* Debug */ = {
			isa = XCBuildConfiguration;
			buildSettings = {
				ASSETCATALOG_COMPILER_APPICON_NAME = AppIcon;
				CODE_SIGN_STYLE = Automatic;
				INFOPLIST_FILE = TestDemo/Info.plist;
				LD_RUNPATH_SEARCH_PATHS = (
					"$(inherited)",
					"@executable_path/Frameworks",
				);
				PRODUCT_BUNDLE_IDENTIFIER = zhangkai.com.TestDemo;
				PRODUCT_NAME = "$(TARGET_NAME)";
				TARGETED_DEVICE_FAMILY = "1,2";
			};
			name = Debug;
		};
		040E573F24D944940027006D /* Release */ = {
			isa = XCBuildConfiguration;
			buildSettings = {
				ASSETCATALOG_COMPILER_APPICON_NAME = AppIcon;
				CODE_SIGN_STYLE = Automatic;
				INFOPLIST_FILE = TestDemo/Info.plist;
				LD_RUNPATH_SEARCH_PATHS = (
					"$(inherited)",
					"@executable_path/Frameworks",
				);
				PRODUCT_BUNDLE_IDENTIFIER = zhangkai.com.TestDemo;
				PRODUCT_NAME = "$(TARGET_NAME)";
				TARGETED_DEVICE_FAMILY = "1,2";
			};
			name = Release;
		};
		040E574124D944940027006D /* Debug */ = {
			isa = XCBuildConfiguration;
			buildSettings = {
				BUNDLE_LOADER = "$(TEST_HOST)";
				CODE_SIGN_STYLE = Automatic;
				INFOPLIST_FILE = TestDemoTests/Info.plist;
				IPHONEOS_DEPLOYMENT_TARGET = 13.6;
				LD_RUNPATH_SEARCH_PATHS = (
					"$(inherited)",
					"@executable_path/Frameworks",
					"@loader_path/Frameworks",
				);
				PRODUCT_BUNDLE_IDENTIFIER = zhangkai.com.TestDemoTests;
				PRODUCT_NAME = "$(TARGET_NAME)";
				TARGETED_DEVICE_FAMILY = "1,2";
				TEST_HOST = "$(BUILT_PRODUCTS_DIR)/TestDemo.app/TestDemo";
			};
			name = Debug;
		};
		040E574224D944940027006D /* Release */ = {
			isa = XCBuildConfiguration;
			buildSettings = {
				BUNDLE_LOADER = "$(TEST_HOST)";
				CODE_SIGN_STYLE = Automatic;
				INFOPLIST_FILE = TestDemoTests/Info.plist;
				IPHONEOS_DEPLOYMENT_TARGET = 13.6;
				LD_RUNPATH_SEARCH_PATHS = (
					"$(inherited)",
					"@executable_path/Frameworks",
					"@loader_path/Frameworks",
				);
				PRODUCT_BUNDLE_IDENTIFIER = zhangkai.com.TestDemoTests;
				PRODUCT_NAME = "$(TARGET_NAME)";
				TARGETED_DEVICE_FAMILY = "1,2";
				TEST_HOST = "$(BUILT_PRODUCTS_DIR)/TestDemo.app/TestDemo";
			};
			name = Release;
		};
		040E574424D944940027006D /* Debug */ = {
			isa = XCBuildConfiguration;
			buildSettings = {
				CODE_SIGN_STYLE = Automatic;
				INFOPLIST_FILE = TestDemoUITests/Info.plist;
				LD_RUNPATH_SEARCH_PATHS = (
					"$(inherited)",
					"@executable_path/Frameworks",
					"@loader_path/Frameworks",
				);
				PRODUCT_BUNDLE_IDENTIFIER = zhangkai.com.TestDemoUITests;
				PRODUCT_NAME = "$(TARGET_NAME)";
				TARGETED_DEVICE_FAMILY = "1,2";
				TEST_TARGET_NAME = TestDemo;
			};
			name = Debug;
		};
		040E574524D944940027006D /* Release */ = {
			isa = XCBuildConfiguration;
			buildSettings = {
				CODE_SIGN_STYLE = Automatic;
				INFOPLIST_FILE = TestDemoUITests/Info.plist;
				LD_RUNPATH_SEARCH_PATHS = (
					"$(inherited)",
					"@executable_path/Frameworks",
					"@loader_path/Frameworks",
				);
				PRODUCT_BUNDLE_IDENTIFIER = zhangkai.com.TestDemoUITests;
				PRODUCT_NAME = "$(TARGET_NAME)";
				TARGETED_DEVICE_FAMILY = "1,2";
				TEST_TARGET_NAME = TestDemo;
			};
			name = Release;
		};
/* End XCBuildConfiguration section */

/* Begin XCConfigurationList section */
		040E570924D9448A0027006D /* Build configuration list for PBXProject "TestDemo" */ = {
			isa = XCConfigurationList;
			buildConfigurations = (
				040E573B24D944940027006D /* Debug */,
				040E573C24D944940027006D /* Release */,
			);
			defaultConfigurationIsVisible = 0;
			defaultConfigurationName = Release;
		};
		040E573D24D944940027006D /* Build configuration list for PBXNativeTarget "TestDemo" */ = {
			isa = XCConfigurationList;
			buildConfigurations = (
				040E573E24D944940027006D /* Debug */,
				040E573F24D944940027006D /* Release */,
			);
			defaultConfigurationIsVisible = 0;
			defaultConfigurationName = Release;
		};
		040E574024D944940027006D /* Build configuration list for PBXNativeTarget "TestDemoTests" */ = {
			isa = XCConfigurationList;
			buildConfigurations = (
				040E574124D944940027006D /* Debug */,
				040E574224D944940027006D /* Release */,
			);
			defaultConfigurationIsVisible = 0;
			defaultConfigurationName = Release;
		};
		040E574324D944940027006D /* Build configuration list for PBXNativeTarget "TestDemoUITests" */ = {
			isa = XCConfigurationList;
			buildConfigurations = (
				040E574424D944940027006D /* Debug */,
				040E574524D944940027006D /* Release */,
			);
			defaultConfigurationIsVisible = 0;
			defaultConfigurationName = Release;
		};
/* End XCConfigurationList section */
	};
	rootObject = 040E570624D9448A0027006D /* Project object */;
}
